# @generated - this file is auto-generated by `mise lock` https://mise.jdx.dev/dev-tools/mise-lock.html

[[tools."aqua:docker/buildx"]]
version = "0.33.0"
backend = "aqua:docker/buildx"

[tools."aqua:docker/buildx"."platforms.linux-arm64"]
checksum = "sha256:204dc28447d3bb48f42ed1ce5747e0885cd57e306506a39029311becdb1ef786"
url = "https://github.com/docker/buildx/releases/download/v0.33.0/buildx-v0.33.0.linux-arm64"
url_api = "https://api.github.com/repos/docker/buildx/releases/assets/385622629"
provenance = "cosign"

[tools."aqua:docker/buildx"."platforms.linux-arm64-musl"]
checksum = "sha256:204dc28447d3bb48f42ed1ce5747e0885cd57e306506a39029311becdb1ef786"
url = "https://github.com/docker/buildx/releases/download/v0.33.0/buildx-v0.33.0.linux-arm64"
url_api = "https://api.github.com/repos/docker/buildx/releases/assets/385622629"
provenance = "cosign"

[tools."aqua:docker/buildx"."platforms.linux-x64"]
checksum = "sha256:9426a15411f35f635afef3f5d3bae53155c3e30d26dee430cc968e13d34be49f"
url = "https://github.com/docker/buildx/releases/download/v0.33.0/buildx-v0.33.0.linux-amd64"
url_api = "https://api.github.com/repos/docker/buildx/releases/assets/385622631"
provenance = "cosign"

[tools."aqua:docker/buildx"."platforms.linux-x64-musl"]
checksum = "sha256:9426a15411f35f635afef3f5d3bae53155c3e30d26dee430cc968e13d34be49f"
url = "https://github.com/docker/buildx/releases/download/v0.33.0/buildx-v0.33.0.linux-amd64"
url_api = "https://api.github.com/repos/docker/buildx/releases/assets/385622631"
provenance = "cosign"

[tools."aqua:docker/buildx"."platforms.macos-arm64"]
checksum = "sha256:35dc3303d2ddb20b9490be4f658eb4b08ee6c9b2a5b5a56797f6c8fb20f5f52b"
url = "https://github.com/docker/buildx/releases/download/v0.33.0/buildx-v0.33.0.darwin-arm64"
url_api = "https://api.github.com/repos/docker/buildx/releases/assets/385717601"

[tools."aqua:docker/buildx"."platforms.macos-x64"]
checksum = "sha256:b1b5a38f78311cfed70a0e68096df0e9ed7dd1b1fcd09adbb117d74e3bad6f32"
url = "https://github.com/docker/buildx/releases/download/v0.33.0/buildx-v0.33.0.darwin-amd64"
url_api = "https://api.github.com/repos/docker/buildx/releases/assets/385717443"

[tools."aqua:docker/buildx"."platforms.windows-x64"]
checksum = "sha256:832ddf42373203ee3836a7cb3b16fe5080231491e7edb32019ac0f6fe03b99ed"
url = "https://github.com/docker/buildx/releases/download/v0.33.0/buildx-v0.33.0.windows-amd64.exe"
url_api = "https://api.github.com/repos/docker/buildx/releases/assets/385622580"
provenance = "cosign"

[[tools.docker-cli]]
version = "29.4.0"
backend = "aqua:docker/cli"

[tools.docker-cli."platforms.linux-arm64"]
url = "https://download.docker.com/linux/static/stable/aarch64/docker-29.4.0.tgz"

[tools.docker-cli."platforms.linux-arm64-musl"]
url = "https://download.docker.com/linux/static/stable/aarch64/docker-29.4.0.tgz"

[tools.docker-cli."platforms.linux-x64"]
url = "https://download.docker.com/linux/static/stable/x86_64/docker-29.4.0.tgz"

[tools.docker-cli."platforms.linux-x64-musl"]
url = "https://download.docker.com/linux/static/stable/x86_64/docker-29.4.0.tgz"

[tools.docker-cli."platforms.macos-arm64"]
url = "https://download.docker.com/mac/static/stable/aarch64/docker-29.4.0.tgz"

[tools.docker-cli."platforms.macos-x64"]
url = "https://download.docker.com/mac/static/stable/x86_64/docker-29.4.0.tgz"

[tools.docker-cli."platforms.windows-x64"]
url = "https://download.docker.com/win/static/stable/x86_64/docker-29.4.0.zip"

[[tools."github:bradschwartz/docker-credential-ghcr-login"]]
version = "0.2.0"
backend = "github:bradschwartz/docker-credential-ghcr-login"

[tools."github:bradschwartz/docker-credential-ghcr-login"."platforms.linux-arm64"]
checksum = "sha256:e866d63d3335cdc67b7e0ed16e2dfe84500826b13677bbd9fc42009a2c23a1d9"
url = "https://github.com/bradschwartz/docker-credential-ghcr-login/releases/download/v0.2.0/docker-credential-ghcr-login_0.2.0_linux_arm64.tar.gz"
url_api = "https://api.github.com/repos/bradschwartz/docker-credential-ghcr-login/releases/assets/526408376"

[tools."github:bradschwartz/docker-credential-ghcr-login"."platforms.linux-arm64-musl"]
checksum = "sha256:e866d63d3335cdc67b7e0ed16e2dfe84500826b13677bbd9fc42009a2c23a1d9"
url = "https://github.com/bradschwartz/docker-credential-ghcr-login/releases/download/v0.2.0/docker-credential-ghcr-login_0.2.0_linux_arm64.tar.gz"
url_api = "https://api.github.com/repos/bradschwartz/docker-credential-ghcr-login/releases/assets/526408376"

[tools."github:bradschwartz/docker-credential-ghcr-login"."platforms.linux-x64"]
checksum = "sha256:01e7657acced71105fe22ce4394f323d2dca3a915c881d8711b67e555c57e070"
url = "https://github.com/bradschwartz/docker-credential-ghcr-login/releases/download/v0.2.0/docker-credential-ghcr-login_0.2.0_linux_amd64.tar.gz"
url_api = "https://api.github.com/repos/bradschwartz/docker-credential-ghcr-login/releases/assets/526408374"

[tools."github:bradschwartz/docker-credential-ghcr-login"."platforms.linux-x64-musl"]
checksum = "sha256:01e7657acced71105fe22ce4394f323d2dca3a915c881d8711b67e555c57e070"
url = "https://github.com/bradschwartz/docker-credential-ghcr-login/releases/download/v0.2.0/docker-credential-ghcr-login_0.2.0_linux_amd64.tar.gz"
url_api = "https://api.github.com/repos/bradschwartz/docker-credential-ghcr-login/releases/assets/526408374"

[tools."github:bradschwartz/docker-credential-ghcr-login"."platforms.macos-arm64"]
checksum = "sha256:85cc8dcbda7a78901bf112504e87da3bc6959e6fd3db6d35328b8a6ce66e6444"
url = "https://github.com/bradschwartz/docker-credential-ghcr-login/releases/download/v0.2.0/docker-credential-ghcr-login_0.2.0_darwin_arm64.tar.gz"
url_api = "https://api.github.com/repos/bradschwartz/docker-credential-ghcr-login/releases/assets/526408373"

[tools."github:bradschwartz/docker-credential-ghcr-login"."platforms.macos-x64"]
checksum = "sha256:ef7249db7f28c17d1f81234ff23f3345a491f2790caa682053b1b8ab45cdf6af"
url = "https://github.com/bradschwartz/docker-credential-ghcr-login/releases/download/v0.2.0/docker-credential-ghcr-login_0.2.0_darwin_amd64.tar.gz"
url_api = "https://api.github.com/repos/bradschwartz/docker-credential-ghcr-login/releases/assets/526408372"

[tools."github:bradschwartz/docker-credential-ghcr-login"."platforms.windows-x64"]
checksum = "sha256:3aaec3129874557cfbd3f4097338c29ea86f64980564400ad9a8c31d4dea2285"
url = "https://github.com/bradschwartz/docker-credential-ghcr-login/releases/download/v0.2.0/docker-credential-ghcr-login_0.2.0_windows_amd64.zip"
url_api = "https://api.github.com/repos/bradschwartz/docker-credential-ghcr-login/releases/assets/526408380"

[[tools.node]]
version = "24.18.0"
backend = "core:node"

[tools.node."platforms.linux-x64"]
checksum = "sha256:783130984963db7ba9cbd01089eaf2c2efb055c7c1693c943174b967b3050cb8"
url = "https://nodejs.org/dist/v24.18.0/node-v24.18.0-linux-x64.tar.gz"

[tools.node."platforms.macos-arm64"]
checksum = "sha256:e1a97e14c99c803e96c7339403282ea05a499c32f8d83defe9ef5ec66f979ed1"
url = "https://nodejs.org/dist/v24.18.0/node-v24.18.0-darwin-arm64.tar.gz"

[[tools."npm:microsandbox"]]
version = "0.6.14"
backend = "npm:microsandbox"

[[tools.pnpm]]
version = "11.7.0"
backend = "aqua:pnpm/pnpm"

[tools.pnpm."platforms.linux-x64"]
checksum = "sha256:752e31654c6f24bc945db784d12831b80b29f533b43105575ce30dd3c8658609"
url = "https://github.com/pnpm/pnpm/releases/download/v11.7.0/pnpm-linux-x64.tar.gz"
url_api = "https://api.github.com/repos/pnpm/pnpm/releases/assets/447914120"
provenance = "github-attestations"

[tools.pnpm."platforms.macos-arm64"]
checksum = "sha256:97d077cca1225ae6ab492e5b6d0e6737ab7149c34813e70f25f67c6c2bf274a2"
url = "https://github.com/pnpm/pnpm/releases/download/v11.7.0/pnpm-darwin-arm64.tar.gz"
url_api = "https://api.github.com/repos/pnpm/pnpm/releases/assets/447914124"
provenance = "github-attestations"
